# Generated by buf. DO NOT EDIT.
version: v1
deps:
  - remote: buf.build
    owner: gnostic
    repository: gnostic
    commit: 6124a71db11d483086e169a184769d9e
  - remote: buf.build
    owner: googleapis
    repository: googleapis
    commit: 4d8df1fb1c354c2d8ae30ebb33211c94
  - remote: buf.build
    owner: grpc-ecosystem
    repository: grpc-gateway
    commit: f85c60ac38544f2d8f346491c9d916e5
