# Generated by buf. DO NOT EDIT.
version: v1
deps:
  - remote: buf.build
    owner: gnostic
    repository: gnostic
    commit: 087bc8072ce44e339f213209e4d57bf0
  - remote: buf.build
    owner: googleapis
    repository: googleapis
    commit: cc9c423640a448ec81a25b69927172cf
  - remote: buf.build
    owner: grpc-ecosystem
    repository: grpc-gateway
    commit: ba66afc387e740a8b403f1ca738fa78a
